
Microsoft Visual Studio Solution File, Format Version 12.00
# Visual Studio Version 17
VisualStudioVersion = 17.1.32421.90
MinimumVisualStudioVersion = 10.0.40219.1
Project("{FAE04EC0-301F-11D3-BF4B-00C04F79EFBC}") = "RainbowColor", "RainbowColor.csproj", "{20EB5F98-94A6-489C-8CA1-2920F2B615EC}"
EndProject
Global
	GlobalSection(SolutionConfigurationPlatforms) = preSolution
		Debug|Any CPU = Debug|Any CPU
		Release|Any CPU = Release|Any CPU
	EndGlobalSection
	GlobalSection(ProjectConfigurationPlatforms) = postSolution
		{20EB5F98-94A6-489C-8CA1-2920F2B615EC}.Debug|Any CPU.ActiveCfg = Debug|Any CPU
		{20EB5F98-94A6-489C-8CA1-2920F2B615EC}.Debug|Any CPU.Build.0 = Debug|Any CPU
		{20EB5F98-94A6-489C-8CA1-2920F2B615EC}.Release|Any CPU.ActiveCfg = Release|Any CPU
		{20EB5F98-94A6-489C-8CA1-2920F2B615EC}.Release|Any CPU.Build.0 = Release|Any CPU
	EndGlobalSection
	GlobalSection(SolutionProperties) = preSolution
		HideSolutionNode = FALSE
	EndGlobalSection
	GlobalSection(ExtensibilityGlobals) = postSolution
		SolutionGuid = {03D20008-DAF1-4A8A-A713-C6FDCF1DD7D2}
	EndGlobalSection
EndGlobal
